
Microsoft Visual Studio Solution File, Format Version 12.00
# Visual Studio 15
VisualStudioVersion = 15.0.27703.2026
MinimumVisualStudioVersion = 10.0.40219.1
Project("{FAE04EC0-301F-11D3-BF4B-00C04F79EFBC}") = "WindowsFormsApp1", "WindowsFormsApp1\WindowsFormsApp1.csproj", "{BF83080D-22AC-4CA2-8675-63363E43F9DD}"
EndProject
Global
	GlobalSection(SolutionConfigurationPlatforms) = preSolution
		Debug|Any CPU = Debug|Any CPU
		Release|Any CPU = Release|Any CPU
	EndGlobalSection
	GlobalSection(ProjectConfigurationPlatforms) = postSolution
		{BF83080D-22AC-4CA2-8675-63363E43F9DD}.Debug|Any CPU.ActiveCfg = Debug|Any CPU
		{BF83080D-22AC-4CA2-8675-63363E43F9DD}.Debug|Any CPU.Build.0 = Debug|Any CPU
		{BF83080D-22AC-4CA2-8675-63363E43F9DD}.Release|Any CPU.ActiveCfg = Release|Any CPU
		{BF83080D-22AC-4CA2-8675-63363E43F9DD}.Release|Any CPU.Build.0 = Release|Any CPU
	EndGlobalSection
	GlobalSection(SolutionProperties) = preSolution
		HideSolutionNode = FALSE
	EndGlobalSection
	GlobalSection(ExtensibilityGlobals) = postSolution
		SolutionGuid = {1AF04BFC-9829-4EE5-9EB4-B790DBFE6506}
	EndGlobalSection
EndGlobal
